{
  "name": "pixijswebpack",
  "version": "1.0.0",
  "lockfileVersion": 1,
  "requires": true,
  "dependencies": {
    "@pixi/accessibility": {
      "version": "6.2.0",
      "resolved": "https://registry.npmjs.org/@pixi/accessibility/-/accessibility-6.2.0.tgz",
      "integrity": "sha512-eih01Q8E+aI78ggJ/ONVPN6yK9L/P2XWu2DUJghhGlAaQ1vjlvZzGY2bfuZPwR2Dmake72qEoQY6hEGASjjV+w=="
    },
    "@pixi/app": {
      "version": "6.2.0",
      "resolved": "https://registry.npmjs.org/@pixi/app/-/app-6.2.0.tgz",
      "integrity": "sha512-X/VVB/Lk0VMXsdw+A15UIG8JlVU+yREWW2TSzto+ub0l3RjrphiHULhGUYE4/hbNC5RQzHC8j+lw3sBXItx1EQ=="
    },
    "@pixi/compressed-textures": {
      "version": "6.2.0",
      "resolved": "https://registry.npmjs.org/@pixi/compressed-textures/-/compressed-textures-6.2.0.tgz",
      "integrity": "sha512-NS6tCczzqFWEjah4+MO7t3mzXT1e3IlAHG1Ex4BeuDe296QIIaNhPAqcZPTZI3LlQpmnCw5V9g+yAQwRcF5g8w=="
    },
    "@pixi/constants": {
      "version": "6.2.0",
      "resolved": "https://registry.npmjs.org/@pixi/constants/-/constants-6.2.0.tgz",
      "integrity": "sha512-8WzYWtx3Q/UnH4WQIF6iDHLh9N2Lh0pU2jFluRehaXWtVmvfF5pB8XYFB5wllVNBKoeyfymk0g5G6y84dZ43Pw=="
    },
    "@pixi/core": {
      "version": "6.2.0",
      "resolved": "https://registry.npmjs.org/@pixi/core/-/core-6.2.0.tgz",
      "integrity": "sha512-RpPW5LPRoTl6bB27AGXxzJeq2KksRC0lp8C40l8F1+nJUj7AUJILOAvn9KLEmCFSUuIIp4sOcD66y5iFynfmvQ=="
    },
    "@pixi/display": {
      "version": "6.2.0",
      "resolved": "https://registry.npmjs.org/@pixi/display/-/display-6.2.0.tgz",
      "integrity": "sha512-uEphbxCvr9jnWD+0zStwUn8xQlMqA3wrhm4+xsUWJmQZkS1yV5dWwtFth5bbP3lAcP2/CpK9tUF/ScnLbys7NQ=="
    },
    "@pixi/extract": {
      "version": "6.2.0",
      "resolved": "https://registry.npmjs.org/@pixi/extract/-/extract-6.2.0.tgz",
      "integrity": "sha512-f6jcHSwqRpEIf3to39PRJPWlJiMzUHC6SFGfS12VBwxv0/TGE9HyMEGs04XsihPDFBFs7b4+GaR4kEKUUfzWCw=="
    },
    "@pixi/filter-alpha": {
      "version": "6.2.0",
      "resolved": "https://registry.npmjs.org/@pixi/filter-alpha/-/filter-alpha-6.2.0.tgz",
      "integrity": "sha512-E7imqhvWDffYoMnSB/4fskWywnnq3oVtReIgjTOYnT2+o89Mu6th8do/c8aaYKF/e+0Y95UkeIKiv2TjtPpV/Q=="
    },
    "@pixi/filter-blur": {
      "version": "6.2.0",
      "resolved": "https://registry.npmjs.org/@pixi/filter-blur/-/filter-blur-6.2.0.tgz",
      "integrity": "sha512-MEq1gklzaW4bl1HQDlwd4Vss4bQXPg+/L3dgwMfeoHsj+6CT30V5HoOXOUYK/EeYNBBg5ViLjVqnK6PadjWyOQ=="
    },
    "@pixi/filter-color-matrix": {
      "version": "6.2.0",
      "resolved": "https://registry.npmjs.org/@pixi/filter-color-matrix/-/filter-color-matrix-6.2.0.tgz",
      "integrity": "sha512-sJ9zELuz6MuPllZw3E/4+csT4kzzcw3EMFkFiJyYYndqJhRP+fc6iRTgnmYrmhDtBcqxfS/HAcrqUUgELlKbAA=="
    },
    "@pixi/filter-displacement": {
      "version": "6.2.0",
      "resolved": "https://registry.npmjs.org/@pixi/filter-displacement/-/filter-displacement-6.2.0.tgz",
      "integrity": "sha512-vL/ErS6EjMiEcqkTd93CE8kfjCZXSCktYaAmaeDZ/oPB18ldEqJ/oK18fOuzTC6RhJAfhOpw2xT0cDv+CT11XQ=="
    },
    "@pixi/filter-fxaa": {
      "version": "6.2.0",
      "resolved": "https://registry.npmjs.org/@pixi/filter-fxaa/-/filter-fxaa-6.2.0.tgz",
      "integrity": "sha512-S0cxGIlhJUMnSeODugz8gDwRamBBHjnEwRrKjJVllCxQGPYGAEcIKRpK+Ewv9+JuxezzW06MZIQ8SdyXanh/Cw=="
    },
    "@pixi/filter-noise": {
      "version": "6.2.0",
      "resolved": "https://registry.npmjs.org/@pixi/filter-noise/-/filter-noise-6.2.0.tgz",
      "integrity": "sha512-+vsUXgeZtPympkg2Qw9zFGraWJzLH63MhieveiX78qJi0BAqmUObjsil8hO2wTSnU+nfFEoPKRJwCbRnNuNtbA=="
    },
    "@pixi/graphics": {
      "version": "6.2.0",
      "resolved": "https://registry.npmjs.org/@pixi/graphics/-/graphics-6.2.0.tgz",
      "integrity": "sha512-VUh2o49FheH57U0G8cW371jpNy3JOxEQXy/DRCfm34hcRjlokOrdP/MtOibVruIOKVVZSGAb0ybsjF3N5ELIvg=="
    },
    "@pixi/interaction": {
      "version": "6.2.0",
      "resolved": "https://registry.npmjs.org/@pixi/interaction/-/interaction-6.2.0.tgz",
      "integrity": "sha512-okuYrv7tqm9+Vb2N/+acKzR9nxQpuMoXAMTmm0rq53gTHCyliFds6lXRa8JHi3HufoAKhyHEP3QYrMgKRGvCiw=="
    },
    "@pixi/loaders": {
      "version": "6.2.0",
      "resolved": "https://registry.npmjs.org/@pixi/loaders/-/loaders-6.2.0.tgz",
      "integrity": "sha512-fkEErikWslkFycTuUYOe84rLfVRGLVT4mXIpqjS1AWHa+Q0NjhmMoSsmZbmp1NHg/gGgnta0q5kZI23X2SNyVw=="
    },
    "@pixi/math": {
      "version": "6.2.0",
      "resolved": "https://registry.npmjs.org/@pixi/math/-/math-6.2.0.tgz",
      "integrity": "sha512-S/whcwowZdK8X594ZDL0VNdPdzgNyb9cDhwDChhbRIKyVitxZcPPQZcBxDwWmaMyyqN6GKfIBX8wGVghVOI3lw=="
    },
    "@pixi/mesh": {
      "version": "6.2.0",
      "resolved": "https://registry.npmjs.org/@pixi/mesh/-/mesh-6.2.0.tgz",
      "integrity": "sha512-+2TM6OJdWcANH59Yl2kj+BAbYlglBIUMtUifs0clmRGqSQPsEiuHj3IFbxm89F4upfA5vIf/3GekRE/qLIhIxg=="
    },
    "@pixi/mesh-extras": {
      "version": "6.2.0",
      "resolved": "https://registry.npmjs.org/@pixi/mesh-extras/-/mesh-extras-6.2.0.tgz",
      "integrity": "sha512-E3FUh6FLGOmcwkMxVt//R/eqNUIZj3Bi9X9d7+9FIxuMaGVi/LdQ2tAdDJkWDx4HwAtRLslIhymbsl0x6IzJDQ=="
    },
    "@pixi/mixin-cache-as-bitmap": {
      "version": "6.2.0",
      "resolved": "https://registry.npmjs.org/@pixi/mixin-cache-as-bitmap/-/mixin-cache-as-bitmap-6.2.0.tgz",
      "integrity": "sha512-QkX1LPu4WOiE7huNYUFKecUB66tQhcb2f4glJ0bbVNICodAkbz6HfnX1eDezx/6GYX4e01VNDwQ3TfQil+5r5w=="
    },
    "@pixi/mixin-get-child-by-name": {
      "version": "6.2.0",
      "resolved": "https://registry.npmjs.org/@pixi/mixin-get-child-by-name/-/mixin-get-child-by-name-6.2.0.tgz",
      "integrity": "sha512-VCokQVg7Xh9QCUou553yfbu0FTi++E++7ByCUPqzTU1hR2VFQRmI8aIkrHNER+PolqnnrrCKFXR7bZW0RdHD+A=="
    },
    "@pixi/mixin-get-global-position": {
      "version": "6.2.0",
      "resolved": "https://registry.npmjs.org/@pixi/mixin-get-global-position/-/mixin-get-global-position-6.2.0.tgz",
      "integrity": "sha512-yaoqbzFlfD3e7Kh20f9r21G2zZsw9oveGhLbUgFnBGpvjCHArcWOTCjHrXYy9pKGaFOh6hpJYWbhx/Lhg+YpcQ=="
    },
    "@pixi/particle-container": {
      "version": "6.2.0",
      "resolved": "https://registry.npmjs.org/@pixi/particle-container/-/particle-container-6.2.0.tgz",
      "integrity": "sha512-DAYz3Mz20fl5firWS4aAFvZSZIQyS3z8Oq2kr/xHBQjtNiu8YBFNQWs/71pNG0Fg2dc/oIyy4aUIZCPLb54CSA=="
    },
    "@pixi/polyfill": {
      "version": "6.2.0",
      "resolved": "https://registry.npmjs.org/@pixi/polyfill/-/polyfill-6.2.0.tgz",
      "integrity": "sha512-UrcH9YtPV/ZquxQd7KY+ITT1Ccf4KY8xcbq5Aa839TpcYflk3suftzn4cBuOhW6ycnSjQB+LU7VEP1f4Kr1qpA==",
      "requires": {
        "object-assign": "^4.1.1",
        "promise-polyfill": "^8.2.0"
      }
    },
    "@pixi/prepare": {
      "version": "6.2.0",
      "resolved": "https://registry.npmjs.org/@pixi/prepare/-/prepare-6.2.0.tgz",
      "integrity": "sha512-tiO4EGbvWpLQ+xOIVTW5QBMYMa/9hhP/nghLqGA67m2ZFzD/f8KEWBZQZeUIMWuQ7XRwpNziBlFmsSSlqKk+/Q=="
    },
    "@pixi/runner": {
      "version": "6.2.0",
      "resolved": "https://registry.npmjs.org/@pixi/runner/-/runner-6.2.0.tgz",
      "integrity": "sha512-+tgO9IO+dMZhiok36AfzUWbEqhU6U+CxjF6n/iWCXElkAwj06gNXNyR7Ryib7V8NBd5opzP7XOxjZR/8A376DA=="
    },
    "@pixi/settings": {
      "version": "6.2.0",
      "resolved": "https://registry.npmjs.org/@pixi/settings/-/settings-6.2.0.tgz",
      "integrity": "sha512-nOtaM/6P6uXVJm5b4UWH41rm31fL8gT12H1pbf2qOTxqorSG/WGfXyLkSC/y8MvEMlEKJoej1S2HZKPQ/SwhZA==",
      "requires": {
        "ismobilejs": "^1.1.0"
      }
    },
    "@pixi/sprite": {
      "version": "6.2.0",
      "resolved": "https://registry.npmjs.org/@pixi/sprite/-/sprite-6.2.0.tgz",
      "integrity": "sha512-yG4tBBuI008inlvlkn9IiglWddrSoL6ah2R6Jgd6jh2RaKPfrNdH0D8t/MzshnOh30JvGP6sVAXaLSX3mRBWaw=="
    },
    "@pixi/sprite-animated": {
      "version": "6.2.0",
      "resolved": "https://registry.npmjs.org/@pixi/sprite-animated/-/sprite-animated-6.2.0.tgz",
      "integrity": "sha512-AcmKVzB/TXp0nyFUIoIweXMsLzd/6o6mtiy9M1f9tTd7eaIUgVwpLnsWM5rOahNpJaYq4S9Gnsy3cbGlljnRSw=="
    },
    "@pixi/sprite-tiling": {
      "version": "6.2.0",
      "resolved": "https://registry.npmjs.org/@pixi/sprite-tiling/-/sprite-tiling-6.2.0.tgz",
      "integrity": "sha512-GPcAjKZrEYt572+GNjhYjCdNuxSP6STu4+LvPqMq/AiQfXWvJvSRUfCZDf+u1pc33CUFMoYUr1TKXWMqGymDtg=="
    },
    "@pixi/spritesheet": {
      "version": "6.2.0",
      "resolved": "https://registry.npmjs.org/@pixi/spritesheet/-/spritesheet-6.2.0.tgz",
      "integrity": "sha512-wGXmo54qJO15/pd28FE6lMvfoJMIhi9nJ44AEtSmhGXqexs7T7NNzaEBZYFxyWTMFoEVJ1qxHUckOAnq12IXKg=="
    },
    "@pixi/text": {
      "version": "6.2.0",
      "resolved": "https://registry.npmjs.org/@pixi/text/-/text-6.2.0.tgz",
      "integrity": "sha512-iDrCWY0LuRtq8t0+PyH+xf74jW+lfVTRqqehOFFb0WJ9Ekdl7KpCeKXgPFVs8oer0bvxXKK2c00DPD8d1qq5uw=="
    },
    "@pixi/text-bitmap": {
      "version": "6.2.0",
      "resolved": "https://registry.npmjs.org/@pixi/text-bitmap/-/text-bitmap-6.2.0.tgz",
      "integrity": "sha512-H3GWWZ1WgwZ3JJn6RvtO4im5AQlfAN1zEHQyE66/adhte6HgzYrMvGgM5sug2f5ZFXl81O0vBddSakbg2myaXw=="
    },
    "@pixi/ticker": {
      "version": "6.2.0",
      "resolved": "https://registry.npmjs.org/@pixi/ticker/-/ticker-6.2.0.tgz",
      "integrity": "sha512-6X4hP2hciTdF776qhii9yiYQev/ZTPjFvuwZSHow7l33se81ORF33HFpcLdgZ7qgBQtT10+tOx8Fr6Ihu6yeUQ=="
    },
    "@pixi/utils": {
      "version": "6.2.0",
      "resolved": "https://registry.npmjs.org/@pixi/utils/-/utils-6.2.0.tgz",
      "integrity": "sha512-2WXNaeiDn/q64jJ7ZZUufL/vRfRVYrBJQuTk64sv8Ak1OxyTqwbfQQSfzGoyYpNZJdnAG5k8H+7u0GqJj9ts5Q==",
      "requires": {
        "@types/earcut": "^2.1.0",
        "earcut": "^2.2.2",
        "eventemitter3": "^3.1.0",
        "url": "^0.11.0"
      }
    },
    "@types/earcut": {
      "version": "2.1.1",
      "resolved": "https://registry.npmjs.org/@types/earcut/-/earcut-2.1.1.tgz",
      "integrity": "sha512-w8oigUCDjElRHRRrMvn/spybSMyX8MTkKA5Dv+tS1IE/TgmNZPqUYtvYBXGY8cieSE66gm+szeK+bnbxC2xHTQ=="
    },
    "@webpack-cli/serve": {
      "version": "1.6.0",
      "resolved": "https://registry.npmjs.org/@webpack-cli/serve/-/serve-1.6.0.tgz",
      "integrity": "sha512-ZkVeqEmRpBV2GHvjjUZqEai2PpUbuq8Bqd//vEYsp63J8WyexI8ppCqVS3Zs0QADf6aWuPdU+0XsPI647PVlQA==",
      "dev": true
    },
    "ansi-styles": {
      "version": "4.3.0",
      "resolved": "https://registry.npmjs.org/ansi-styles/-/ansi-styles-4.3.0.tgz",
      "integrity": "sha512-zbB9rCJAT1rbjiVDb2hqKFHNYLxgtk8NURxZ3IZwD3F6NtxbXZQCnnSi1Lkx+IDohdPlFp222wVALIheZJQSEg==",
      "dev": true,
      "requires": {
        "color-convert": "^2.0.1"
      }
    },
    "braces": {
      "version": "3.0.2",
      "resolved": "https://registry.npmjs.org/braces/-/braces-3.0.2.tgz",
      "integrity": "sha512-b8um+L1RzM3WDSzvhm6gIz1yfTbBt6YTlcEKAvsmqCZZFw46z626lVj9j1yEPW33H5H+lBQpZMP1k8l+78Ha0A==",
      "dev": true,
      "requires": {
        "fill-range": "^7.0.1"
      }
    },
    "chalk": {
      "version": "4.1.2",
      "resolved": "https://registry.npmjs.org/chalk/-/chalk-4.1.2.tgz",
      "integrity": "sha512-oKnbhFyRIXpUuez8iBMmyEa4nbj4IOQyuhc/wy9kY7/WVPcwIO9VA668Pu8RkO7+0G76SLROeyw9CpQ061i4mA==",
      "dev": true,
      "requires": {
        "ansi-styles": "^4.1.0",
        "supports-color": "^7.1.0"
      }
    },
    "color-convert": {
      "version": "2.0.1",
      "resolved": "https://registry.npmjs.org/color-convert/-/color-convert-2.0.1.tgz",
      "integrity": "sha512-RRECPsj7iu/xb5oKYcsFHSppFNnsj/52OVTRKb4zP5onXwVF3zVmmToNcOfGC+CRDpfK/U584fMg38ZHCaElKQ==",
      "dev": true,
      "requires": {
        "color-name": "~1.1.4"
      }
    },
    "color-name": {
      "version": "1.1.4",
      "resolved": "https://registry.npmjs.org/color-name/-/color-name-1.1.4.tgz",
      "integrity": "sha512-dOy+3AuW3a2wNbZHIuMZpTcgjGuLU/uBL/ubcZF9OXbDo8ff4O8yVp5Bf0efS8uEoYo5q4Fx7dY9OgQGXgAsQA==",
      "dev": true
    },
    "earcut": {
      "version": "2.2.3",
      "resolved": "https://registry.npmjs.org/earcut/-/earcut-2.2.3.tgz",
      "integrity": "sha512-iRDI1QeCQIhMCZk48DRDMVgQSSBDmbzzNhnxIo+pwx3swkfjMh6vh0nWLq1NdvGHLKH6wIrAM3vQWeTj6qeoug=="
    },
    "enhanced-resolve": {
      "version": "5.8.3",
      "resolved": "https://registry.npmjs.org/enhanced-resolve/-/enhanced-resolve-5.8.3.tgz",
      "integrity": "sha512-EGAbGvH7j7Xt2nc0E7D99La1OiEs8LnyimkRgwExpUMScN6O+3x9tIWs7PLQZVNx4YD+00skHXPXi1yQHpAmZA==",
      "dev": true,
      "requires": {
        "graceful-fs": "^4.2.4",
        "tapable": "^2.2.0"
      }
    },
    "eventemitter3": {
      "version": "3.1.2",
      "resolved": "https://registry.npmjs.org/eventemitter3/-/eventemitter3-3.1.2.tgz",
      "integrity": "sha512-tvtQIeLVHjDkJYnzf2dgVMxfuSGJeM/7UCG17TT4EumTfNtF+0nebF/4zWOIkCreAbtNqhGEboB6BWrwqNaw4Q=="
    },
    "fill-range": {
      "version": "7.0.1",
      "resolved": "https://registry.npmjs.org/fill-range/-/fill-range-7.0.1.tgz",
      "integrity": "sha512-qOo9F+dMUmC2Lcb4BbVvnKJxTPjCm+RRpe4gDuGrzkL7mEVl/djYSu2OdQ2Pa302N4oqkSg9ir6jaLWJ2USVpQ==",
      "dev": true,
      "requires": {
        "to-regex-range": "^5.0.1"
      }
    },
    "graceful-fs": {
      "version": "4.2.8",
      "resolved": "https://registry.npmjs.org/graceful-fs/-/graceful-fs-4.2.8.tgz",
      "integrity": "sha512-qkIilPUYcNhJpd33n0GBXTB1MMPp14TxEsEs0pTrsSVucApsYzW5V+Q8Qxhik6KU3evy+qkAAowTByymK0avdg==",
      "dev": true
    },
    "has-flag": {
      "version": "4.0.0",
      "resolved": "https://registry.npmjs.org/has-flag/-/has-flag-4.0.0.tgz",
      "integrity": "sha512-EykJT/Q1KjTWctppgIAgfSO0tKVuZUjhgMr17kqTumMl6Afv3EISleU7qZUzoXDFTAHTDC4NOoG/ZxU3EvlMPQ==",
      "dev": true
    },
    "is-number": {
      "version": "7.0.0",
      "resolved": "https://registry.npmjs.org/is-number/-/is-number-7.0.0.tgz",
      "integrity": "sha512-41Cifkg6e8TylSpdtTpeLVMqvSBEVzTttHvERD741+pnZ8ANv0004MRL43QKPDlK9cGvNp6NZWZUBlbGXYxxng==",
      "dev": true
    },
    "ismobilejs": {
      "version": "1.1.1",
      "resolved": "https://registry.npmjs.org/ismobilejs/-/ismobilejs-1.1.1.tgz",
      "integrity": "sha512-VaFW53yt8QO61k2WJui0dHf4SlL8lxBofUuUmwBo0ljPk0Drz2TiuDW4jo3wDcv41qy/SxrJ+VAzJ/qYqsmzRw=="
    },
    "lru-cache": {
      "version": "6.0.0",
      "resolved": "https://registry.npmjs.org/lru-cache/-/lru-cache-6.0.0.tgz",
      "integrity": "sha512-Jo6dJ04CmSjuznwJSS3pUeWmd/H0ffTlkXXgwZi+eq1UCmqQwCh+eLsYOYCwY991i2Fah4h1BEMCx4qThGbsiA==",
      "dev": true,
      "requires": {
        "yallist": "^4.0.0"
      }
    },
    "micromatch": {
      "version": "4.0.4",
      "resolved": "https://registry.npmjs.org/micromatch/-/micromatch-4.0.4.tgz",
      "integrity": "sha512-pRmzw/XUcwXGpD9aI9q/0XOwLNygjETJ8y0ao0wdqprrzDa4YnxLcz7fQRZr8voh8V10kGhABbNcHVk5wHgWwg==",
      "dev": true,
      "requires": {
        "braces": "^3.0.1",
        "picomatch": "^2.2.3"
      }
    },
    "object-assign": {
      "version": "4.1.1",
      "resolved": "https://registry.npmjs.org/object-assign/-/object-assign-4.1.1.tgz",
      "integrity": "sha1-IQmtx5ZYh8/AXLvUQsrIv7s2CGM="
    },
    "penner": {
      "version": "0.1.3",
      "resolved": "https://registry.npmjs.org/penner/-/penner-0.1.3.tgz",
      "integrity": "sha1-C4tILU6bOa8vPXw3WSIpuKzClwU="
    },
    "picomatch": {
      "version": "2.3.0",
      "resolved": "https://registry.npmjs.org/picomatch/-/picomatch-2.3.0.tgz",
      "integrity": "sha512-lY1Q/PiJGC2zOv/z391WOTD+Z02bCgsFfvxoXXf6h7kv9o+WmsmzYqrAwY63sNgOxE4xEdq0WyUnXfKeBrSvYw==",
      "dev": true
    },
    "pixi-viewport": {
      "version": "4.34.2",
      "resolved": "https://registry.npmjs.org/pixi-viewport/-/pixi-viewport-4.34.2.tgz",
      "integrity": "sha512-0pKFHIvhMaMqy8mxv7M9MTdBRNHzzm/8Mcvd4jgNBiFoXEvP9Tf60J//d8v7ZviBYt0VJfdZ5x0Mu2YJMUNL3w==",
      "requires": {
        "penner": "^0.1.3"
      }
    },
    "pixi.js": {
      "version": "6.2.0",
      "resolved": "https://registry.npmjs.org/pixi.js/-/pixi.js-6.2.0.tgz",
      "integrity": "sha512-EJtbnN8N+w7MG89UICGrgC/+0KJojkNYSgVNwXG2UwP7k0k0AVOoy2b/0uRGllh6HI87ax5yDQe+NIjjhisFrA==",
      "requires": {
        "@pixi/accessibility": "6.2.0",
        "@pixi/app": "6.2.0",
        "@pixi/compressed-textures": "6.2.0",
        "@pixi/constants": "6.2.0",
        "@pixi/core": "6.2.0",
        "@pixi/display": "6.2.0",
        "@pixi/extract": "6.2.0",
        "@pixi/filter-alpha": "6.2.0",
        "@pixi/filter-blur": "6.2.0",
        "@pixi/filter-color-matrix": "6.2.0",
        "@pixi/filter-displacement": "6.2.0",
        "@pixi/filter-fxaa": "6.2.0",
        "@pixi/filter-noise": "6.2.0",
        "@pixi/graphics": "6.2.0",
        "@pixi/interaction": "6.2.0",
        "@pixi/loaders": "6.2.0",
        "@pixi/math": "6.2.0",
        "@pixi/mesh": "6.2.0",
        "@pixi/mesh-extras": "6.2.0",
        "@pixi/mixin-cache-as-bitmap": "6.2.0",
        "@pixi/mixin-get-child-by-name": "6.2.0",
        "@pixi/mixin-get-global-position": "6.2.0",
        "@pixi/particle-container": "6.2.0",
        "@pixi/polyfill": "6.2.0",
        "@pixi/prepare": "6.2.0",
        "@pixi/runner": "6.2.0",
        "@pixi/settings": "6.2.0",
        "@pixi/sprite": "6.2.0",
        "@pixi/sprite-animated": "6.2.0",
        "@pixi/sprite-tiling": "6.2.0",
        "@pixi/spritesheet": "6.2.0",
        "@pixi/text": "6.2.0",
        "@pixi/text-bitmap": "6.2.0",
        "@pixi/ticker": "6.2.0",
        "@pixi/utils": "6.2.0"
      }
    },
    "promise-polyfill": {
      "version": "8.2.1",
      "resolved": "https://registry.npmjs.org/promise-polyfill/-/promise-polyfill-8.2.1.tgz",
      "integrity": "sha512-3p9zj0cEHbp7NVUxEYUWjQlffXqnXaZIMPkAO7HhFh8u5636xLRDHOUo2vpWSK0T2mqm6fKLXYn1KP6PAZ2gKg=="
    },
    "punycode": {
      "version": "1.3.2",
      "resolved": "https://registry.npmjs.org/punycode/-/punycode-1.3.2.tgz",
      "integrity": "sha1-llOgNvt8HuQjQvIyXM7v6jkmxI0="
    },
    "querystring": {
      "version": "0.2.0",
      "resolved": "https://registry.npmjs.org/querystring/-/querystring-0.2.0.tgz",
      "integrity": "sha1-sgmEkgO7Jd+CDadW50cAWHhSFiA="
    },
    "semver": {
      "version": "7.3.5",
      "resolved": "https://registry.npmjs.org/semver/-/semver-7.3.5.tgz",
      "integrity": "sha512-PoeGJYh8HK4BTO/a9Tf6ZG3veo/A7ZVsYrSA6J8ny9nb3B1VrpkuN+z9OE5wfE5p6H4LchYZsegiQgbJD94ZFQ==",
      "dev": true,
      "requires": {
        "lru-cache": "^6.0.0"
      }
    },
    "supports-color": {
      "version": "7.2.0",
      "resolved": "https://registry.npmjs.org/supports-color/-/supports-color-7.2.0.tgz",
      "integrity": "sha512-qpCAvRl9stuOHveKsn7HncJRvv501qIacKzQlO/+Lwxc9+0q2wLyv4Dfvt80/DPn2pqOBsJdDiogXGR9+OvwRw==",
      "dev": true,
      "requires": {
        "has-flag": "^4.0.0"
      }
    },
    "tapable": {
      "version": "2.2.1",
      "resolved": "https://registry.npmjs.org/tapable/-/tapable-2.2.1.tgz",
      "integrity": "sha512-GNzQvQTOIP6RyTfE2Qxb8ZVlNmw0n88vp1szwWRimP02mnTsx3Wtn5qRdqY9w2XduFNUgvOwhNnQsjwCp+kqaQ==",
      "dev": true
    },
    "to-regex-range": {
      "version": "5.0.1",
      "resolved": "https://registry.npmjs.org/to-regex-range/-/to-regex-range-5.0.1.tgz",
      "integrity": "sha512-65P7iz6X5yEr1cwcgvQxbbIw7Uk3gOy5dIdtZ4rDveLqhrdJP+Li/Hx6tyK0NEb+2GCyneCMJiGqrADCSNk8sQ==",
      "dev": true,
      "requires": {
        "is-number": "^7.0.0"
      }
    },
    "ts-loader": {
      "version": "9.2.6",
      "resolved": "https://registry.npmjs.org/ts-loader/-/ts-loader-9.2.6.tgz",
      "integrity": "sha512-QMTC4UFzHmu9wU2VHZEmWWE9cUajjfcdcws+Gh7FhiO+Dy0RnR1bNz0YCHqhI0yRowCE9arVnNxYHqELOy9Hjw==",
      "dev": true,
      "requires": {
        "chalk": "^4.1.0",
        "enhanced-resolve": "^5.0.0",
        "micromatch": "^4.0.0",
        "semver": "^7.3.4"
      }
    },
    "typescript": {
      "version": "4.5.2",
      "resolved": "https://registry.npmjs.org/typescript/-/typescript-4.5.2.tgz",
      "integrity": "sha512-5BlMof9H1yGt0P8/WF+wPNw6GfctgGjXp5hkblpyT+8rkASSmkUKMXrxR0Xg8ThVCi/JnHQiKXeBaEwCeQwMFw==",
      "dev": true
    },
    "url": {
      "version": "0.11.0",
      "resolved": "https://registry.npmjs.org/url/-/url-0.11.0.tgz",
      "integrity": "sha1-ODjpfPxgUh63PFJajlW/3Z4uKPE=",
      "requires": {
        "punycode": "1.3.2",
        "querystring": "0.2.0"
      }
    },
    "yallist": {
      "version": "4.0.0",
      "resolved": "https://registry.npmjs.org/yallist/-/yallist-4.0.0.tgz",
      "integrity": "sha512-3wdGidZyq5PB084XLES5TpOSRA3wjXAlIWMhum2kRcv/41Sn2emQ0dycQW4uZXLejwKvg6EsvbdlVL+FYEct7A==",
      "dev": true
    }
  }
}
